
Microsoft Visual Studio Solution File, Format Version 12.00
# Visual Studio 15
VisualStudioVersion = 15.0.28010.2041
MinimumVisualStudioVersion = 10.0.40219.1
Project("{9A19103F-16F7-4668-BE54-9A1E7A4F7556}") = "TodoApi", "TodoApi\TodoApi.csproj", "{C34826FB-E2FE-4881-88E0-0D9B529DC0EE}"
EndProject
Global
	GlobalSection(SolutionConfigurationPlatforms) = preSolution
		Debug|Any CPU = Debug|Any CPU
		Release|Any CPU = Release|Any CPU
	EndGlobalSection
	GlobalSection(ProjectConfigurationPlatforms) = postSolution
		{C34826FB-E2FE-4881-88E0-0D9B529DC0EE}.Debug|Any CPU.ActiveCfg = Debug|Any CPU
		{C34826FB-E2FE-4881-88E0-0D9B529DC0EE}.Debug|Any CPU.Build.0 = Debug|Any CPU
		{C34826FB-E2FE-4881-88E0-0D9B529DC0EE}.Release|Any CPU.ActiveCfg = Release|Any CPU
		{C34826FB-E2FE-4881-88E0-0D9B529DC0EE}.Release|Any CPU.Build.0 = Release|Any CPU
	EndGlobalSection
	GlobalSection(SolutionProperties) = preSolution
		HideSolutionNode = FALSE
	EndGlobalSection
	GlobalSection(ExtensibilityGlobals) = postSolution
		SolutionGuid = {5B902C96-CE68-4F0C-8A6D-D8B0AAE387F8}
	EndGlobalSection
EndGlobal
